
Microsoft Visual Studio Solution File, Format Version 12.00
# Visual Studio Version 16
VisualStudioVersion = 16.0.31702.278
MinimumVisualStudioVersion = 10.0.40219.1
Project("{FAE04EC0-301F-11D3-BF4B-00C04F79EFBC}") = "traceSaveDat", "traceSaveDat\traceSaveDat.csproj", "{55B3A46E-B26C-4261-91DA-F567EBCAB4B1}"
EndProject
Global
	GlobalSection(SolutionConfigurationPlatforms) = preSolution
		Debug|Any CPU = Debug|Any CPU
		Release|Any CPU = Release|Any CPU
	EndGlobalSection
	GlobalSection(ProjectConfigurationPlatforms) = postSolution
		{55B3A46E-B26C-4261-91DA-F567EBCAB4B1}.Debug|Any CPU.ActiveCfg = Debug|Any CPU
		{55B3A46E-B26C-4261-91DA-F567EBCAB4B1}.Debug|Any CPU.Build.0 = Debug|Any CPU
		{55B3A46E-B26C-4261-91DA-F567EBCAB4B1}.Release|Any CPU.ActiveCfg = Release|Any CPU
		{55B3A46E-B26C-4261-91DA-F567EBCAB4B1}.Release|Any CPU.Build.0 = Release|Any CPU
	EndGlobalSection
	GlobalSection(SolutionProperties) = preSolution
		HideSolutionNode = FALSE
	EndGlobalSection
	GlobalSection(ExtensibilityGlobals) = postSolution
		SolutionGuid = {D998CD7E-DD05-4076-9BEE-1D208491F000}
	EndGlobalSection
EndGlobal
